// !$*UTF8*$!
{
	archiveVersion = 1;
	classes = {
	};
	objectVersion = 50;
	objects = {

/* Begin PBXBuildFile section */
		9B13EE7A270DEF1C001E9C56 /* MyMusicAppApp.swift in Sources */ = {isa = PBXBuildFile; fileRef = 9B13EE79270DEF1C001E9C56 /* MyMusicAppApp.swift */; };
		9B13EE7C270DEF1C001E9C56 /* ContentView.swift in Sources */ = {isa = PBXBuildFile; fileRef = 9B13EE7B270DEF1C001E9C56 /* ContentView.swift */; };
		9B13EE7E270DEF1D001E9C56 /* Assets.xcassets in Resources */ = {isa = PBXBuildFile; fileRef = 9B13EE7D270DEF1D001E9C56 /* Assets.xcassets */; };
		9B13EE81270DEF1D001E9C56 /* Preview Assets.xcassets in Resources */ = {isa = PBXBuildFile; fileRef = 9B13EE80270DEF1D001E9C56 /* Preview Assets.xcassets */; };
		9B13EE8E270DEFFC001E9C56 /* song.mp3 in Resources */ = {isa = PBXBuildFile; fileRef = 9B13EE8D270DEFFC001E9C56 /* song.mp3 */; };
		9B13EE90270DF0ED001E9C56 /* Album.swift in Sources */ = {isa = PBXBuildFile; fileRef = 9B13EE8F270DF0ED001E9C56 /* Album.swift */; };
		9B13EE92270DF163001E9C56 /* MusicViewModel.swift in Sources */ = {isa = PBXBuildFile; fileRef = 9B13EE91270DF163001E9C56 /* MusicViewModel.swift */; };
		9BA426F1270DF79600E0AFA1 /* MainView.swift in Sources */ = {isa = PBXBuildFile; fileRef = 9BA426F0270DF79600E0AFA1 /* MainView.swift */; };
/* End PBXBuildFile section */

/* Begin PBXFileReference section */
		9B13EE76270DEF1C001E9C56 /* MyMusicApp.app */ = {isa = PBXFileReference; explicitFileType = wrapper.application; includeInIndex = 0; path = MyMusicApp.app; sourceTree = BUILT_PRODUCTS_DIR; };
		9B13EE79270DEF1C001E9C56 /* MyMusicAppApp.swift */ = {isa = PBXFileReference; lastKnownFileType = sourcecode.swift; path = MyMusicAppApp.swift; sourceTree = "<group>"; };
		9B13EE7B270DEF1C001E9C56 /* ContentView.swift */ = {isa = PBXFileReference; lastKnownFileType = sourcecode.swift; path = ContentView.swift; sourceTree = "<group>"; };
		9B13EE7D270DEF1D001E9C56 /* Assets.xcassets */ = {isa = PBXFileReference; lastKnownFileType = folder.assetcatalog; path = Assets.xcassets; sourceTree = "<group>"; };
		9B13EE80270DEF1D001E9C56 /* Preview Assets.xcassets */ = {isa = PBXFileReference; lastKnownFileType = folder.assetcatalog; path = "Preview Assets.xcassets"; sourceTree = "<group>"; };
		9B13EE82270DEF1D001E9C56 /* Info.plist */ = {isa = PBXFileReference; lastKnownFileType = text.plist.xml; path = Info.plist; sourceTree = "<group>"; };
		9B13EE8D270DEFFC001E9C56 /* song.mp3 */ = {isa = PBXFileReference; lastKnownFileType = audio.mp3; path = song.mp3; sourceTree = "<group>"; };
		9B13EE8F270DF0ED001E9C56 /* Album.swift */ = {isa = PBXFileReference; lastKnownFileType = sourcecode.swift; path = Album.swift; sourceTree = "<group>"; };
		9B13EE91270DF163001E9C56 /* MusicViewModel.swift */ = {isa = PBXFileReference; lastKnownFileType = sourcecode.swift; path = MusicViewModel.swift; sourceTree = "<group>"; };
		9BA426F0270DF79600E0AFA1 /* MainView.swift */ = {isa = PBXFileReference; lastKnownFileType = sourcecode.swift; path = MainView.swift; sourceTree = "<group>"; };
/* End PBXFileReference section */

/* Begin PBXFrameworksBuildPhase section */
		9B13EE73270DEF1C001E9C56 /* Frameworks */ = {
			isa = PBXFrameworksBuildPhase;
			buildActionMask = 2147483647;
			files = (
			);
			runOnlyForDeploymentPostprocessing = 0;
		};
/* End PBXFrameworksBuildPhase section */

/* Begin PBXGroup section */
		9B13EE6D270DEF1C001E9C56 = {
			isa = PBXGroup;
			children = (
				9B13EE78270DEF1C001E9C56 /* MyMusicApp */,
				9B13EE77270DEF1C001E9C56 /* Products */,
			);
			sourceTree = "<group>";
		};
		9B13EE77270DEF1C001E9C56 /* Products */ = {
			isa = PBXGroup;
			children = (
				9B13EE76270DEF1C001E9C56 /* MyMusicApp.app */,
			);
			name = Products;
			sourceTree = "<group>";
		};
		9B13EE78270DEF1C001E9C56 /* MyMusicApp */ = {
			isa = PBXGroup;
			children = (
				9B13EE80270DEF1D001E9C56 /* Preview Assets.xcassets */,
				9B13EE7B270DEF1C001E9C56 /* ContentView.swift */,
				9B13EE7D270DEF1D001E9C56 /* Assets.xcassets */,
				9B13EE79270DEF1C001E9C56 /* MyMusicAppApp.swift */,
				9B13EE82270DEF1D001E9C56 /* Info.plist */,
				9B13EE8C270DEF9F001E9C56 /* Assets */,
				9B13EE8B270DEF8B001E9C56 /* ViewModel */,
				9B13EE8A270DEF67001E9C56 /* View */,
				9B13EE88270DEF59001E9C56 /* Model */,
				9B13EE7F270DEF1D001E9C56 /* Preview Content */,
			);
			path = MyMusicApp;
			sourceTree = "<group>";
		};
		9B13EE7F270DEF1D001E9C56 /* Preview Content */ = {
			isa = PBXGroup;
			children = (
			);
			path = "Preview Content";
			sourceTree = "<group>";
		};
		9B13EE88270DEF59001E9C56 /* Model */ = {
			isa = PBXGroup;
			children = (
				9B13EE8F270DF0ED001E9C56 /* Album.swift */,
			);
			path = Model;
			sourceTree = "<group>";
		};
		9B13EE8A270DEF67001E9C56 /* View */ = {
			isa = PBXGroup;
			children = (
				9BA426F0270DF79600E0AFA1 /* MainView.swift */,
			);
			path = View;
			sourceTree = "<group>";
		};
		9B13EE8B270DEF8B001E9C56 /* ViewModel */ = {
			isa = PBXGroup;
			children = (
				9B13EE91270DF163001E9C56 /* MusicViewModel.swift */,
			);
			path = ViewModel;
			sourceTree = "<group>";
		};
		9B13EE8C270DEF9F001E9C56 /* Assets */ = {
			isa = PBXGroup;
			children = (
				9B13EE8D270DEFFC001E9C56 /* song.mp3 */,
			);
			path = Assets;
			sourceTree = "<group>";
		};
/* End PBXGroup section */

/* Begin PBXNativeTarget section */
		9B13EE75270DEF1C001E9C56 /* MyMusicApp */ = {
			isa = PBXNativeTarget;
			buildConfigurationList = 9B13EE85270DEF1D001E9C56 /* Build configuration list for PBXNativeTarget "MyMusicApp" */;
			buildPhases = (
				9B13EE72270DEF1C001E9C56 /* Sources */,
				9B13EE73270DEF1C001E9C56 /* Frameworks */,
				9B13EE74270DEF1C001E9C56 /* Resources */,
			);
			buildRules = (
			);
			dependencies = (
			);
			name = MyMusicApp;
			productName = MyMusicApp;
			productReference = 9B13EE76270DEF1C001E9C56 /* MyMusicApp.app */;
			productType = "com.apple.product-type.application";
		};
/* End PBXNativeTarget section */

/* Begin PBXProject section */
		9B13EE6E270DEF1C001E9C56 /* Project object */ = {
			isa = PBXProject;
			attributes = {
				LastSwiftUpdateCheck = 1250;
				LastUpgradeCheck = 1250;
				TargetAttributes = {
					9B13EE75270DEF1C001E9C56 = {
						CreatedOnToolsVersion = 12.5.1;
					};
				};
			};
			buildConfigurationList = 9B13EE71270DEF1C001E9C56 /* Build configuration list for PBXProject "MyMusicApp" */;
			compatibilityVersion = "Xcode 9.3";
			developmentRegion = en;
			hasScannedForEncodings = 0;
			knownRegions = (
				en,
				Base,
			);
			mainGroup = 9B13EE6D270DEF1C001E9C56;
			productRefGroup = 9B13EE77270DEF1C001E9C56 /* Products */;
			projectDirPath = "";
			projectRoot = "";
			targets = (
				9B13EE75270DEF1C001E9C56 /* MyMusicApp */,
			);
		};
/* End PBXProject section */

/* Begin PBXResourcesBuildPhase section */
		9B13EE74270DEF1C001E9C56 /* Resources */ = {
			isa = PBXResourcesBuildPhase;
			buildActionMask = 2147483647;
			files = (
				9B13EE81270DEF1D001E9C56 /* Preview Assets.xcassets in Resources */,
				9B13EE7E270DEF1D001E9C56 /* Assets.xcassets in Resources */,
				9B13EE8E270DEFFC001E9C56 /* song.mp3 in Resources */,
			);
			runOnlyForDeploymentPostprocessing = 0;
		};
/* End PBXResourcesBuildPhase section */

/* Begin PBXSourcesBuildPhase section */
		9B13EE72270DEF1C001E9C56 /* Sources */ = {
			isa = PBXSourcesBuildPhase;
			buildActionMask = 2147483647;
			files = (
				9B13EE92270DF163001E9C56 /* MusicViewModel.swift in Sources */,
				9B13EE7C270DEF1C001E9C56 /* ContentView.swift in Sources */,
				9B13EE7A270DEF1C001E9C56 /* MyMusicAppApp.swift in Sources */,
				9BA426F1270DF79600E0AFA1 /* MainView.swift in Sources */,
				9B13EE90270DF0ED001E9C56 /* Album.swift in Sources */,
			);
			runOnlyForDeploymentPostprocessing = 0;
		};
/* End PBXSourcesBuildPhase section */

/* Begin XCBuildConfiguration section */
		9B13EE83270DEF1D001E9C56 /* Debug */ = {
			isa = XCBuildConfiguration;
			buildSettings = {
				ALWAYS_SEARCH_USER_PATHS = NO;
				CLANG_ANALYZER_NONNULL = YES;
				CLANG_ANALYZER_NUMBER_OBJECT_CONVERSION = YES_AGGRESSIVE;
				CLANG_CXX_LANGUAGE_STANDARD = "gnu++14";
				CLANG_CXX_LIBRARY = "libc++";
				CLANG_ENABLE_MODULES = YES;
				CLANG_ENABLE_OBJC_ARC = YES;
				CLANG_ENABLE_OBJC_WEAK = YES;
				CLANG_WARN_BLOCK_CAPTURE_AUTORELEASING = YES;
				CLANG_WARN_BOOL_CONVERSION = YES;
				CLANG_WARN_COMMA = YES;
				CLANG_WARN_CONSTANT_CONVERSION = YES;
				CLANG_WARN_DEPRECATED_OBJC_IMPLEMENTATIONS = YES;
				CLANG_WARN_DIRECT_OBJC_ISA_USAGE = YES_ERROR;
				CLANG_WARN_DOCUMENTATION_COMMENTS = YES;
				CLANG_WARN_EMPTY_BODY = YES;
				CLANG_WARN_ENUM_CONVERSION = YES;
				CLANG_WARN_INFINITE_RECURSION = YES;
				CLANG_WARN_INT_CONVERSION = YES;
				CLANG_WARN_NON_LITERAL_NULL_CONVERSION = YES;
				CLANG_WARN_OBJC_IMPLICIT_RETAIN_SELF = YES;
				CLANG_WARN_OBJC_LITERAL_CONVERSION = YES;
				CLANG_WARN_OBJC_ROOT_CLASS = YES_ERROR;
				CLANG_WARN_QUOTED_INCLUDE_IN_FRAMEWORK_HEADER = YES;
				CLANG_WARN_RANGE_LOOP_ANALYSIS = YES;
				CLANG_WARN_STRICT_PROTOTYPES = YES;
				CLANG_WARN_SUSPICIOUS_MOVE = YES;
				CLANG_WARN_UNGUARDED_AVAILABILITY = YES_AGGRESSIVE;
				CLANG_WARN_UNREACHABLE_CODE = YES;
				CLANG_WARN__DUPLICATE_METHOD_MATCH = YES;
				COPY_PHASE_STRIP = NO;
				DEBUG_INFORMATION_FORMAT = dwarf;
				ENABLE_STRICT_OBJC_MSGSEND = YES;
				ENABLE_TESTABILITY = YES;
				GCC_C_LANGUAGE_STANDARD = gnu11;
				GCC_DYNAMIC_NO_PIC = NO;
				GCC_NO_COMMON_BLOCKS = YES;
				GCC_OPTIMIZATION_LEVEL = 0;
				GCC_PREPROCESSOR_DEFINITIONS = (
					"DEBUG=1",
					"$(inherited)",
				);
				GCC_WARN_64_TO_32_BIT_CONVERSION = YES;
				GCC_WARN_ABOUT_RETURN_TYPE = YES_ERROR;
				GCC_WARN_UNDECLARED_SELECTOR = YES;
				GCC_WARN_UNINITIALIZED_AUTOS = YES_AGGRESSIVE;
				GCC_WARN_UNUSED_FUNCTION = YES;
				GCC_WARN_UNUSED_VARIABLE = YES;
				IPHONEOS_DEPLOYMENT_TARGET = 14.5;
				MTL_ENABLE_DEBUG_INFO = INCLUDE_SOURCE;
				MTL_FAST_MATH = YES;
				ONLY_ACTIVE_ARCH = YES;
				SDKROOT = iphoneos;
				SWIFT_ACTIVE_COMPILATION_CONDITIONS = DEBUG;
				SWIFT_OPTIMIZATION_LEVEL = "-Onone";
			};
			name = Debug;
		};
		9B13EE84270DEF1D001E9C56 /* Release */ = {
			isa = XCBuildConfiguration;
			buildSettings = {
				ALWAYS_SEARCH_USER_PATHS = NO;
				CLANG_ANALYZER_NONNULL = YES;
				CLANG_ANALYZER_NUMBER_OBJECT_CONVERSION = YES_AGGRESSIVE;
				CLANG_CXX_LANGUAGE_STANDARD = "gnu++14";
				CLANG_CXX_LIBRARY = "libc++";
				CLANG_ENABLE_MODULES = YES;
				CLANG_ENABLE_OBJC_ARC = YES;
				CLANG_ENABLE_OBJC_WEAK = YES;
				CLANG_WARN_BLOCK_CAPTURE_AUTORELEASING = YES;
				CLANG_WARN_BOOL_CONVERSION = YES;
				CLANG_WARN_COMMA = YES;
				CLANG_WARN_CONSTANT_CONVERSION = YES;
				CLANG_WARN_DEPRECATED_OBJC_IMPLEMENTATIONS = YES;
				CLANG_WARN_DIRECT_OBJC_ISA_USAGE = YES_ERROR;
				CLANG_WARN_DOCUMENTATION_COMMENTS = YES;
				CLANG_WARN_EMPTY_BODY = YES;
				CLANG_WARN_ENUM_CONVERSION = YES;
				CLANG_WARN_INFINITE_RECURSION = YES;
				CLANG_WARN_INT_CONVERSION = YES;
				CLANG_WARN_NON_LITERAL_NULL_CONVERSION = YES;
				CLANG_WARN_OBJC_IMPLICIT_RETAIN_SELF = YES;
				CLANG_WARN_OBJC_LITERAL_CONVERSION = YES;
				CLANG_WARN_OBJC_ROOT_CLASS = YES_ERROR;
				CLANG_WARN_QUOTED_INCLUDE_IN_FRAMEWORK_HEADER = YES;
				CLANG_WARN_RANGE_LOOP_ANALYSIS = YES;
				CLANG_WARN_STRICT_PROTOTYPES = YES;
				CLANG_WARN_SUSPICIOUS_MOVE = YES;
				CLANG_WARN_UNGUARDED_AVAILABILITY = YES_AGGRESSIVE;
				CLANG_WARN_UNREACHABLE_CODE = YES;
				CLANG_WARN__DUPLICATE_METHOD_MATCH = YES;
				COPY_PHASE_STRIP = NO;
				DEBUG_INFORMATION_FORMAT = "dwarf-with-dsym";
				ENABLE_NS_ASSERTIONS = NO;
				ENABLE_STRICT_OBJC_MSGSEND = YES;
				GCC_C_LANGUAGE_STANDARD = gnu11;
				GCC_NO_COMMON_BLOCKS = YES;
				GCC_WARN_64_TO_32_BIT_CONVERSION = YES;
				GCC_WARN_ABOUT_RETURN_TYPE = YES_ERROR;
				GCC_WARN_UNDECLARED_SELECTOR = YES;
				GCC_WARN_UNINITIALIZED_AUTOS = YES_AGGRESSIVE;
				GCC_WARN_UNUSED_FUNCTION = YES;
				GCC_WARN_UNUSED_VARIABLE = YES;
				IPHONEOS_DEPLOYMENT_TARGET = 14.5;
				MTL_ENABLE_DEBUG_INFO = NO;
				MTL_FAST_MATH = YES;
				SDKROOT = iphoneos;
				SWIFT_COMPILATION_MODE = wholemodule;
				SWIFT_OPTIMIZATION_LEVEL = "-O";
				VALIDATE_PRODUCT = YES;
			};
			name = Release;
		};
		9B13EE86270DEF1D001E9C56 /* Debug */ = {
			isa = XCBuildConfiguration;
			buildSettings = {
				ASSETCATALOG_COMPILER_APPICON_NAME = AppIcon;
				ASSETCATALOG_COMPILER_GLOBAL_ACCENT_COLOR_NAME = AccentColor;
				CODE_SIGN_STYLE = Automatic;
				DEVELOPMENT_ASSET_PATHS = "";
				ENABLE_PREVIEWS = YES;
				INFOPLIST_FILE = MyMusicApp/Info.plist;
				IPHONEOS_DEPLOYMENT_TARGET = 14.0;
				LD_RUNPATH_SEARCH_PATHS = (
					"$(inherited)",
					"@executable_path/Frameworks",
				);
				PRODUCT_BUNDLE_IDENTIFIER = "Alexis-Sahagun.MyMusicApp";
				PRODUCT_NAME = "$(TARGET_NAME)";
				SWIFT_VERSION = 5.0;
				TARGETED_DEVICE_FAMILY = "1,2";
			};
			name = Debug;
		};
		9B13EE87270DEF1D001E9C56 /* Release */ = {
			isa = XCBuildConfiguration;
			buildSettings = {
				ASSETCATALOG_COMPILER_APPICON_NAME = AppIcon;
				ASSETCATALOG_COMPILER_GLOBAL_ACCENT_COLOR_NAME = AccentColor;
				CODE_SIGN_STYLE = Automatic;
				DEVELOPMENT_ASSET_PATHS = "";
				ENABLE_PREVIEWS = YES;
				INFOPLIST_FILE = MyMusicApp/Info.plist;
				IPHONEOS_DEPLOYMENT_TARGET = 14.0;
				LD_RUNPATH_SEARCH_PATHS = (
					"$(inherited)",
					"@executable_path/Frameworks",
				);
				PRODUCT_BUNDLE_IDENTIFIER = "Alexis-Sahagun.MyMusicApp";
				PRODUCT_NAME = "$(TARGET_NAME)";
				SWIFT_VERSION = 5.0;
				TARGETED_DEVICE_FAMILY = "1,2";
			};
			name = Release;
		};
/* End XCBuildConfiguration section */

/* Begin XCConfigurationList section */
		9B13EE71270DEF1C001E9C56 /* Build configuration list for PBXProject "MyMusicApp" */ = {
			isa = XCConfigurationList;
			buildConfigurations = (
				9B13EE83270DEF1D001E9C56 /* Debug */,
				9B13EE84270DEF1D001E9C56 /* Release */,
			);
			defaultConfigurationIsVisible = 0;
			defaultConfigurationName = Release;
		};
		9B13EE85270DEF1D001E9C56 /* Build configuration list for PBXNativeTarget "MyMusicApp" */ = {
			isa = XCConfigurationList;
			buildConfigurations = (
				9B13EE86270DEF1D001E9C56 /* Debug */,
				9B13EE87270DEF1D001E9C56 /* Release */,
			);
			defaultConfigurationIsVisible = 0;
			defaultConfigurationName = Release;
		};
/* End XCConfigurationList section */
	};
	rootObject = 9B13EE6E270DEF1C001E9C56 /* Project object */;
}
